
Microsoft Visual Studio Solution File, Format Version 12.00
Project("{FAE04EC0-301F-11D3-BF4B-00C04F79EFBC}") = "ASDemo.Console", "ASDemo.Console\ASDemo.Console.csproj", "{5C02FE90-CE07-4815-A6AF-C5093CA1E9EB}"
EndProject
Global
	GlobalSection(SolutionConfigurationPlatforms) = preSolution
		Debug|Any CPU = Debug|Any CPU
		Release|Any CPU = Release|Any CPU
	EndGlobalSection
	GlobalSection(ProjectConfigurationPlatforms) = postSolution
		{5C02FE90-CE07-4815-A6AF-C5093CA1E9EB}.Debug|Any CPU.ActiveCfg = Debug|Any CPU
		{5C02FE90-CE07-4815-A6AF-C5093CA1E9EB}.Debug|Any CPU.Build.0 = Debug|Any CPU
		{5C02FE90-CE07-4815-A6AF-C5093CA1E9EB}.Release|Any CPU.ActiveCfg = Release|Any CPU
		{5C02FE90-CE07-4815-A6AF-C5093CA1E9EB}.Release|Any CPU.Build.0 = Release|Any CPU
	EndGlobalSection
EndGlobal
